
Microsoft Visual Studio Solution File, Format Version 12.00
# Visual Studio 14
VisualStudioVersion = 14.0.25420.1
MinimumVisualStudioVersion = 10.0.40219.1
Project("{FAE04EC0-301F-11D3-BF4B-00C04F79EFBC}") = "HRB", "HRB\HRB.csproj", "{D804E718-6C35-45B9-AEB5-E744DB2C8244}"
EndProject
Project("{FAE04EC0-301F-11D3-BF4B-00C04F79EFBC}") = "HRB.Core", "HRB.Core\HRB.Core.csproj", "{6DD5154A-CEED-44C7-8906-E8155D13A9E9}"
EndProject
Project("{FAE04EC0-301F-11D3-BF4B-00C04F79EFBC}") = "HRB.Entity", "HRB.Entity\HRB.Entity.csproj", "{FA82B0AA-624D-447F-AE6C-D8268444EAB3}"
EndProject
Project("{FAE04EC0-301F-11D3-BF4B-00C04F79EFBC}") = "HRB.Data", "HRB.Data\HRB.Data.csproj", "{0A54BCEF-EDA9-457F-A894-190B0538A9AA}"
EndProject
Global
	GlobalSection(SolutionConfigurationPlatforms) = preSolution
		Debug|Any CPU = Debug|Any CPU
		Release|Any CPU = Release|Any CPU
	EndGlobalSection
	GlobalSection(ProjectConfigurationPlatforms) = postSolution
		{D804E718-6C35-45B9-AEB5-E744DB2C8244}.Debug|Any CPU.ActiveCfg = Debug|Any CPU
		{D804E718-6C35-45B9-AEB5-E744DB2C8244}.Debug|Any CPU.Build.0 = Debug|Any CPU
		{D804E718-6C35-45B9-AEB5-E744DB2C8244}.Release|Any CPU.ActiveCfg = Release|Any CPU
		{D804E718-6C35-45B9-AEB5-E744DB2C8244}.Release|Any CPU.Build.0 = Release|Any CPU
		{6DD5154A-CEED-44C7-8906-E8155D13A9E9}.Debug|Any CPU.ActiveCfg = Debug|Any CPU
		{6DD5154A-CEED-44C7-8906-E8155D13A9E9}.Debug|Any CPU.Build.0 = Debug|Any CPU
		{6DD5154A-CEED-44C7-8906-E8155D13A9E9}.Release|Any CPU.ActiveCfg = Release|Any CPU
		{6DD5154A-CEED-44C7-8906-E8155D13A9E9}.Release|Any CPU.Build.0 = Release|Any CPU
		{FA82B0AA-624D-447F-AE6C-D8268444EAB3}.Debug|Any CPU.ActiveCfg = Debug|Any CPU
		{FA82B0AA-624D-447F-AE6C-D8268444EAB3}.Debug|Any CPU.Build.0 = Debug|Any CPU
		{FA82B0AA-624D-447F-AE6C-D8268444EAB3}.Release|Any CPU.ActiveCfg = Release|Any CPU
		{FA82B0AA-624D-447F-AE6C-D8268444EAB3}.Release|Any CPU.Build.0 = Release|Any CPU
		{0A54BCEF-EDA9-457F-A894-190B0538A9AA}.Debug|Any CPU.ActiveCfg = Debug|Any CPU
		{0A54BCEF-EDA9-457F-A894-190B0538A9AA}.Debug|Any CPU.Build.0 = Debug|Any CPU
		{0A54BCEF-EDA9-457F-A894-190B0538A9AA}.Release|Any CPU.ActiveCfg = Release|Any CPU
		{0A54BCEF-EDA9-457F-A894-190B0538A9AA}.Release|Any CPU.Build.0 = Release|Any CPU
	EndGlobalSection
	GlobalSection(SolutionProperties) = preSolution
		HideSolutionNode = FALSE
	EndGlobalSection
EndGlobal
